<Solution>
  <Folder Name="/console/" />
  <Folder Name="/console/01-hello/">
    <Project Path="console/01-hello/HelloCSharp/HelloCSharp.csproj" />
  </Folder>
  <Folder Name="/console/02-value-vs-reference/">
    <Project Path="console/02-value-vs-reference/ValueVsReference/ValueVsReference.csproj" />
  </Folder>
  <Folder Name="/console/03-nullable/">
    <Project Path="console/03-nullable/NullableRefs/NullableRefs.csproj" />
  </Folder>
  <Folder Name="/console/04-properties-records/">
    <Project Path="console/04-properties-records/PropsAndRecords/PropsAndRecords.csproj" />
  </Folder>
  <Folder Name="/console/05-patterns/">
    <Project Path="console/05-patterns/PatternMatching/PatternMatching.csproj" />
  </Folder>
  <Folder Name="/console/06-linq/">
    <Project Path="console/06-linq/LinqBasics/LinqBasics.csproj" />
  </Folder>
  <Folder Name="/console/07-delegates-events/">
    <Project Path="console/07-delegates-events/DelegatesAndEvents/DelegatesAndEvents.csproj" />
  </Folder>
  <Folder Name="/console/08-disposable/">
    <Project Path="console/08-disposable/UsingDisposable/UsingDisposable.csproj" />
  </Folder>
  <Folder Name="/console/09-generics/">
    <Project Path="console/09-generics/GenericsDeepDive/GenericsDeepDive.csproj" />
  </Folder>
  <Folder Name="/console/10-async/">
    <Project Path="console/10-async/AsyncBasics/AsyncBasics.csproj" />
  </Folder>
  <Folder Name="/console/11-async-streams/">
    <Project Path="console/11-async-streams/AsyncStreamsAndChannels/AsyncStreamsAndChannels.csproj" />
  </Folder>
  <Folder Name="/console/12-spans/">
    <Project Path="console/12-spans/SpansAndMemory/SpansAndMemory.csproj" />
  </Folder>
  <Folder Name="/console/13-unsafe/">
    <Project Path="console/13-unsafe/UnsafePointers/UnsafePointers.csproj" />
  </Folder>
  <Folder Name="/console/14-attributes-reflection/">
    <Project Path="console/14-attributes-reflection/AttributesAndReflection/AttributesAndReflection.csproj" />
  </Folder>
  <Folder Name="/console/15-di-hosting/">
    <Project Path="console/15-di-hosting/DependencyInjection/DependencyInjection.csproj" />
  </Folder>
  <Folder Name="/console/16-source-generators/">
    <Project Path="console/16-source-generators/SourceGenerators/SourceGenerators.csproj" />
  </Folder>
  <Folder Name="/exercises/" />
  <Folder Name="/exercises/01-hello/">
    <Project Path="exercises/01-hello/HelloExercises/HelloExercises.csproj" />
  </Folder>
  <Folder Name="/exercises/02-value-vs-reference/">
    <Project Path="exercises/02-value-vs-reference/ValueRefExercises/ValueRefExercises.csproj" />
  </Folder>
  <Folder Name="/exercises/03-nullable/">
    <Project Path="exercises/03-nullable/NullableExercises/NullableExercises.csproj" />
  </Folder>
  <Folder Name="/exercises/04-properties-records/">
    <Project Path="exercises/04-properties-records/PropsRecordsExercises/PropsRecordsExercises.csproj" />
  </Folder>
  <Folder Name="/exercises/05-patterns/">
    <Project Path="exercises/05-patterns/PatternsExercises/PatternsExercises.csproj" />
  </Folder>
  <Folder Name="/exercises/06-linq/">
    <Project Path="exercises/06-linq/LinqExercises/LinqExercises.csproj" />
  </Folder>
  <Folder Name="/exercises/07-delegates-events/">
    <Project Path="exercises/07-delegates-events/DelegatesExercises/DelegatesExercises.csproj" />
  </Folder>
  <Folder Name="/exercises/08-disposable/">
    <Project Path="exercises/08-disposable/DisposableExercises/DisposableExercises.csproj" />
  </Folder>
  <Folder Name="/exercises/09-generics/">
    <Project Path="exercises/09-generics/GenericsExercises/GenericsExercises.csproj" />
  </Folder>
  <Folder Name="/exercises/10-async/">
    <Project Path="exercises/10-async/AsyncExercises/AsyncExercises.csproj" />
  </Folder>
  <Folder Name="/exercises/11-async-streams/">
    <Project Path="exercises/11-async-streams/AsyncStreamsExercises/AsyncStreamsExercises.csproj" />
  </Folder>
  <Folder Name="/exercises/12-spans/">
    <Project Path="exercises/12-spans/SpansExercises/SpansExercises.csproj" />
  </Folder>
  <Folder Name="/exercises/13-unsafe/">
    <Project Path="exercises/13-unsafe/UnsafeExercises/UnsafeExercises.csproj" />
  </Folder>
  <Folder Name="/exercises/14-attributes-reflection/">
    <Project Path="exercises/14-attributes-reflection/ReflectionExercises/ReflectionExercises.csproj" />
  </Folder>
  <Folder Name="/exercises/15-di-hosting/">
    <Project Path="exercises/15-di-hosting/DiExercises/DiExercises.csproj" />
  </Folder>
  <Folder Name="/exercises/16-source-generators/">
    <Project Path="exercises/16-source-generators/SourceGenExercises/SourceGenExercises.csproj" />
  </Folder>
  <Folder Name="/aspnet/" />
  <Folder Name="/aspnet/01-hello-minimal/">
    <Project Path="aspnet/01-hello-minimal/HelloMinimal/HelloMinimal.csproj" />
  </Folder>
  <Folder Name="/aspnet/02-routing/">
    <Project Path="aspnet/02-routing/Routing/Routing.csproj" />
  </Folder>
  <Folder Name="/aspnet/03-json/">
    <Project Path="aspnet/03-json/JsonDtos/JsonDtos.csproj" />
  </Folder>
  <Folder Name="/aspnet/04-di/">
    <Project Path="aspnet/04-di/DiBasics/DiBasics.csproj" />
  </Folder>
  <Folder Name="/aspnet/05-configuration/">
    <Project Path="aspnet/05-configuration/ConfigOptions/ConfigOptions.csproj" />
  </Folder>
  <Folder Name="/aspnet/06-middleware/">
    <Project Path="aspnet/06-middleware/MiddlewarePipeline/MiddlewarePipeline.csproj" />
  </Folder>
  <Folder Name="/aspnet/07-error-handling/">
    <Project Path="aspnet/07-error-handling/ErrorHandling/ErrorHandling.csproj" />
  </Folder>
  <Folder Name="/aspnet/08-logging/">
    <Project Path="aspnet/08-logging/Logging/Logging.csproj" />
  </Folder>
  <Folder Name="/aspnet/09-controllers/">
    <Project Path="aspnet/09-controllers/ControllersDemo/ControllersDemo.csproj" />
  </Folder>
  <Folder Name="/aspnet/10-integration-tests/">
    <Project Path="aspnet/10-integration-tests/ControllerTests/ControllerTests.csproj" />
  </Folder>
  <Folder Name="/extensions-ai/" />
  <Folder Name="/extensions-ai/01-hello-chat-client/">
    <Project Path="extensions-ai/01-hello-chat-client/HelloChatClient/HelloChatClient.csproj" />
  </Folder>
  <Folder Name="/extensions-ai/02-streaming/">
    <Project Path="extensions-ai/02-streaming/StreamingChat/StreamingChat.csproj" />
  </Folder>
  <Folder Name="/extensions-ai/03-conversation-history/">
    <Project Path="extensions-ai/03-conversation-history/Conversation/Conversation.csproj" />
  </Folder>
  <Folder Name="/extensions-ai/04-chat-options/">
    <Project Path="extensions-ai/04-chat-options/ChatOptionsLesson/ChatOptionsLesson.csproj" />
  </Folder>
  <Folder Name="/extensions-ai/05-prompt-engineering/">
    <Project Path="extensions-ai/05-prompt-engineering/PromptEngineering/PromptEngineering.csproj" />
  </Folder>
  <Folder Name="/extensions-ai/06-structured-output/">
    <Project Path="extensions-ai/06-structured-output/StructuredOutput/StructuredOutput.csproj" />
  </Folder>
  <Folder Name="/extensions-ai/07-tools-function-calling/">
    <Project Path="extensions-ai/07-tools-function-calling/FunctionCalling/FunctionCalling.csproj" />
  </Folder>
  <Folder Name="/extensions-ai/08-middleware-pipeline/">
    <Project Path="extensions-ai/08-middleware-pipeline/ChatMiddleware/ChatMiddleware.csproj" />
  </Folder>
  <Folder Name="/extensions-ai/09-di-and-providers/">
    <Project Path="extensions-ai/09-di-and-providers/DiAndProviders/DiAndProviders.csproj" />
  </Folder>
  <Folder Name="/extensions-ai/10-embeddings/">
    <Project Path="extensions-ai/10-embeddings/EmbeddingsBasics/EmbeddingsBasics.csproj" />
  </Folder>
  <Folder Name="/extensions-ai/11-vector-search/">
    <Project Path="extensions-ai/11-vector-search/VectorSearch/VectorSearch.csproj" />
  </Folder>
  <Folder Name="/extensions-ai/12-rag-ingestion/">
    <Project Path="extensions-ai/12-rag-ingestion/RagIngestion/RagIngestion.csproj" />
  </Folder>
  <Folder Name="/extensions-ai/13-rag-retrieval/">
    <Project Path="extensions-ai/13-rag-retrieval/RagRetrieval/RagRetrieval.csproj" />
  </Folder>
  <Folder Name="/extensions-ai/14-evaluation/">
    <Project Path="extensions-ai/14-evaluation/Evaluation/Evaluation.csproj" />
  </Folder>
  <Folder Name="/extensions-ai/15-vision-and-caching/">
    <Project Path="extensions-ai/15-vision-and-caching/VisionAndCaching/VisionAndCaching.csproj" />
  </Folder>
  <Folder Name="/extensions-ai/16-speech-and-realtime/">
    <Project Path="extensions-ai/16-speech-and-realtime/SpeechAndRealtime/SpeechAndRealtime.csproj" />
  </Folder>
</Solution>
